{
  "README.en.md:ar": "9b1cdb5c03d645fbe6f436be2400816e14954cab63d91b0b6c5d0e74225ff6be",
  "README.en.md:de": "9b1cdb5c03d645fbe6f436be2400816e14954cab63d91b0b6c5d0e74225ff6be",
  "README.en.md:es": "9b1cdb5c03d645fbe6f436be2400816e14954cab63d91b0b6c5d0e74225ff6be",
  "README.en.md:fil": "9b1cdb5c03d645fbe6f436be2400816e14954cab63d91b0b6c5d0e74225ff6be",
  "README.en.md:fr": "9b1cdb5c03d645fbe6f436be2400816e14954cab63d91b0b6c5d0e74225ff6be",
  "README.en.md:ja": "9b1cdb5c03d645fbe6f436be2400816e14954cab63d91b0b6c5d0e74225ff6be",
  "README.en.md:ko": "9b1cdb5c03d645fbe6f436be2400816e14954cab63d91b0b6c5d0e74225ff6be",
  "README.en.md:nl": "9b1cdb5c03d645fbe6f436be2400816e14954cab63d91b0b6c5d0e74225ff6be",
  "README.en.md:pt": "9b1cdb5c03d645fbe6f436be2400816e14954cab63d91b0b6c5d0e74225ff6be",
  "README.en.md:th": "9b1cdb5c03d645fbe6f436be2400816e14954cab63d91b0b6c5d0e74225ff6be",
  "README.en.md:vi": "9b1cdb5c03d645fbe6f436be2400816e14954cab63d91b0b6c5d0e74225ff6be",
  "README.en.md:zh": "9b1cdb5c03d645fbe6f436be2400816e14954cab63d91b0b6c5d0e74225ff6be"
}
